PODS:
  - SI1-OTPCustomView (0.1.0)

DEPENDENCIES:
  - SI1-OTPCustomView (from `../`)

EXTERNAL SOURCES:
  SI1-OTPCustomView:
    :path: "../"

SPEC CHECKSUMS:
  SI1-OTPCustomView: bd43f08c7c4d45bca85b5deb4cfed333daac4d97

PODFILE CHECKSUM: e1db15cf84a5aa570a20a9b27bf4ad4e7daf33a8

COCOAPODS: 1.7.1
